
Microsoft Visual Studio Solution File, Format Version 12.00
# Visual Studio Version 17
VisualStudioVersion = 17.7.34202.233
MinimumVisualStudioVersion = 10.0.40219.1
Project("{FAE04EC0-301F-11D3-BF4B-00C04F79EFBC}") = "Expense", "Expense.csproj", "{B01A9C5B-5B86-410A-AA8E-88A222413CC2}"
EndProject
Global
	GlobalSection(SolutionConfigurationPlatforms) = preSolution
		Debug|Any CPU = Debug|Any CPU
		Release|Any CPU = Release|Any CPU
	EndGlobalSection
	GlobalSection(ProjectConfigurationPlatforms) = postSolution
		{B01A9C5B-5B86-410A-AA8E-88A222413CC2}.Debug|Any CPU.ActiveCfg = Debug|Any CPU
		{B01A9C5B-5B86-410A-AA8E-88A222413CC2}.Debug|Any CPU.Build.0 = Debug|Any CPU
		{B01A9C5B-5B86-410A-AA8E-88A222413CC2}.Release|Any CPU.ActiveCfg = Release|Any CPU
		{B01A9C5B-5B86-410A-AA8E-88A222413CC2}.Release|Any CPU.Build.0 = Release|Any CPU
	EndGlobalSection
	GlobalSection(SolutionProperties) = preSolution
		HideSolutionNode = FALSE
	EndGlobalSection
	GlobalSection(ExtensibilityGlobals) = postSolution
		SolutionGuid = {F6E45E49-2797-4929-A180-13E69C509E11}
	EndGlobalSection
EndGlobal
